// !$*UTF8*$!
{
	archiveVersion = 1;
	classes = {
	};
	objectVersion = 46;
	objects = {

/* Begin PBXBuildFile section */
		BE1CD3EE1A7596AB00E654B0 /* AppDelegate.swift in Sources */ = {isa = PBXBuildFile; fileRef = BE1CD3ED1A7596AB00E654B0 /* AppDelegate.swift */; };
		BE1CD3F01A7596AB00E654B0 /* FirstViewController.swift in Sources */ = {isa = PBXBuildFile; fileRef = BE1CD3EF1A7596AB00E654B0 /* FirstViewController.swift */; };
		BE1CD3F21A7596AB00E654B0 /* SecondViewController.swift in Sources */ = {isa = PBXBuildFile; fileRef = BE1CD3F11A7596AB00E654B0 /* SecondViewController.swift */; };
		BE1CD3F51A7596AB00E654B0 /* Main.storyboard in Resources */ = {isa = PBXBuildFile; fileRef = BE1CD3F31A7596AB00E654B0 /* Main.storyboard */; };
		BE1CD3F71A7596AB00E654B0 /* Images.xcassets in Resources */ = {isa = PBXBuildFile; fileRef = BE1CD3F61A7596AB00E654B0 /* Images.xcassets */; };
		BE1CD3FA1A7596AB00E654B0 /* LaunchScreen.xib in Resources */ = {isa = PBXBuildFile; fileRef = BE1CD3F81A7596AB00E654B0 /* LaunchScreen.xib */; };
		BE1CD4061A7596AB00E654B0 /* FinanceTests.swift in Sources */ = {isa = PBXBuildFile; fileRef = BE1CD4051A7596AB00E654B0 /* FinanceTests.swift */; };
/* End PBXBuildFile section */

/* Begin PBXContainerItemProxy section */
		BE1CD4001A7596AB00E654B0 /* PBXContainerItemProxy */ = {
			isa = PBXContainerItemProxy;
			containerPortal = BE1CD3E01A7596AB00E654B0 /* Project object */;
			proxyType = 1;
			remoteGlobalIDString = BE1CD3E71A7596AB00E654B0;
			remoteInfo = Finance;
		};
/* End PBXContainerItemProxy section */

/* Begin PBXFileReference section */
		BE1CD3E81A7596AB00E654B0 /* Finance.app */ = {isa = PBXFileReference; explicitFileType = wrapper.application; includeInIndex = 0; path = Finance.app; sourceTree = BUILT_PRODUCTS_DIR; };
		BE1CD3EC1A7596AB00E654B0 /* Info.plist */ = {isa = PBXFileReference; lastKnownFileType = text.plist.xml; path = Info.plist; sourceTree = "<group>"; };
		BE1CD3ED1A7596AB00E654B0 /* AppDelegate.swift */ = {isa = PBXFileReference; lastKnownFileType = sourcecode.swift; path = AppDelegate.swift; sourceTree = "<group>"; };
		BE1CD3EF1A7596AB00E654B0 /* FirstViewController.swift */ = {isa = PBXFileReference; lastKnownFileType = sourcecode.swift; path = FirstViewController.swift; sourceTree = "<group>"; };
		BE1CD3F11A7596AB00E654B0 /* SecondViewController.swift */ = {isa = PBXFileReference; lastKnownFileType = sourcecode.swift; path = SecondViewController.swift; sourceTree = "<group>"; };
		BE1CD3F41A7596AB00E654B0 /* Base */ = {isa = PBXFileReference; lastKnownFileType = file.storyboard; name = Base; path = Base.lproj/Main.storyboard; sourceTree = "<group>"; };
		BE1CD3F61A7596AB00E654B0 /* Images.xcassets */ = {isa = PBXFileReference; lastKnownFileType = folder.assetcatalog; path = Images.xcassets; sourceTree = "<group>"; };
		BE1CD3F91A7596AB00E654B0 /* Base */ = {isa = PBXFileReference; lastKnownFileType = file.xib; name = Base; path = Base.lproj/LaunchScreen.xib; sourceTree = "<group>"; };
		BE1CD3FF1A7596AB00E654B0 /* FinanceTests.xctest */ = {isa = PBXFileReference; explicitFileType = wrapper.cfbundle; includeInIndex = 0; path = FinanceTests.xctest; sourceTree = BUILT_PRODUCTS_DIR; };
		BE1CD4041A7596AB00E654B0 /* Info.plist */ = {isa = PBXFileReference; lastKnownFileType = text.plist.xml; path = Info.plist; sourceTree = "<group>"; };
		BE1CD4051A7596AB00E654B0 /* FinanceTests.swift */ = {isa = PBXFileReference; lastKnownFileType = sourcecode.swift; path = FinanceTests.swift; sourceTree = "<group>"; };
/* End PBXFileReference section */

/* Begin PBXFrameworksBuildPhase section */
		BE1CD3E51A7596AB00E654B0 /* Frameworks */ = {
			isa = PBXFrameworksBuildPhase;
			buildActionMask = 2147483647;
			files = (
			);
			runOnlyForDeploymentPostprocessing = 0;
		};
		BE1CD3FC1A7596AB00E654B0 /* Frameworks */ = {
			isa = PBXFrameworksBuildPhase;
			buildActionMask = 2147483647;
			files = (
			);
			runOnlyForDeploymentPostprocessing = 0;
		};
/* End PBXFrameworksBuildPhase section */

/* Begin PBXGroup section */
		BE1CD3DF1A7596AB00E654B0 = {
			isa = PBXGroup;
			children = (
				BE1CD3EA1A7596AB00E654B0 /* Finance */,
				BE1CD4021A7596AB00E654B0 /* FinanceTests */,
				BE1CD3E91A7596AB00E654B0 /* Products */,
			);
			sourceTree = "<group>";
		};
		BE1CD3E91A7596AB00E654B0 /* Products */ = {
			isa = PBXGroup;
			children = (
				BE1CD3E81A7596AB00E654B0 /* Finance.app */,
				BE1CD3FF1A7596AB00E654B0 /* FinanceTests.xctest */,
			);
			name = Products;
			sourceTree = "<group>";
		};
		BE1CD3EA1A7596AB00E654B0 /* Finance */ = {
			isa = PBXGroup;
			children = (
				BE1CD3ED1A7596AB00E654B0 /* AppDelegate.swift */,
				BE1CD3EF1A7596AB00E654B0 /* FirstViewController.swift */,
				BE1CD3F11A7596AB00E654B0 /* SecondViewController.swift */,
				BE1CD3F31A7596AB00E654B0 /* Main.storyboard */,
				BE1CD3F61A7596AB00E654B0 /* Images.xcassets */,
				BE1CD3F81A7596AB00E654B0 /* LaunchScreen.xib */,
				BE1CD3EB1A7596AB00E654B0 /* Supporting Files */,
			);
			path = Finance;
			sourceTree = "<group>";
		};
		BE1CD3EB1A7596AB00E654B0 /* Supporting Files */ = {
			isa = PBXGroup;
			children = (
				BE1CD3EC1A7596AB00E654B0 /* Info.plist */,
			);
			name = "Supporting Files";
			sourceTree = "<group>";
		};
		BE1CD4021A7596AB00E654B0 /* FinanceTests */ = {
			isa = PBXGroup;
			children = (
				BE1CD4051A7596AB00E654B0 /* FinanceTests.swift */,
				BE1CD4031A7596AB00E654B0 /* Supporting Files */,
			);
			path = FinanceTests;
			sourceTree = "<group>";
		};
		BE1CD4031A7596AB00E654B0 /* Supporting Files */ = {
			isa = PBXGroup;
			children = (
				BE1CD4041A7596AB00E654B0 /* Info.plist */,
			);
			name = "Supporting Files";
			sourceTree = "<group>";
		};
/* End PBXGroup section */

/* Begin PBXNativeTarget section */
		BE1CD3E71A7596AB00E654B0 /* Finance */ = {
			isa = PBXNativeTarget;
			buildConfigurationList = BE1CD4091A7596AB00E654B0 /* Build configuration list for PBXNativeTarget "Finance" */;
			buildPhases = (
				BE1CD3E41A7596AB00E654B0 /* Sources */,
				BE1CD3E51A7596AB00E654B0 /* Frameworks */,
				BE1CD3E61A7596AB00E654B0 /* Resources */,
			);
			buildRules = (
			);
			dependencies = (
			);
			name = Finance;
			productName = Finance;
			productReference = BE1CD3E81A7596AB00E654B0 /* Finance.app */;
			productType = "com.apple.product-type.application";
		};
		BE1CD3FE1A7596AB00E654B0 /* FinanceTests */ = {
			isa = PBXNativeTarget;
			buildConfigurationList = BE1CD40C1A7596AB00E654B0 /* Build configuration list for PBXNativeTarget "FinanceTests" */;
			buildPhases = (
				BE1CD3FB1A7596AB00E654B0 /* Sources */,
				BE1CD3FC1A7596AB00E654B0 /* Frameworks */,
				BE1CD3FD1A7596AB00E654B0 /* Resources */,
			);
			buildRules = (
			);
			dependencies = (
				BE1CD4011A7596AB00E654B0 /* PBXTargetDependency */,
			);
			name = FinanceTests;
			productName = FinanceTests;
			productReference = BE1CD3FF1A7596AB00E654B0 /* FinanceTests.xctest */;
			productType = "com.apple.product-type.bundle.unit-test";
		};
/* End PBXNativeTarget section */

/* Begin PBXProject section */
		BE1CD3E01A7596AB00E654B0 /* Project object */ = {
			isa = PBXProject;
			attributes = {
				LastUpgradeCheck = 0610;
				ORGANIZATIONNAME = "diwakar punjani";
				TargetAttributes = {
					BE1CD3E71A7596AB00E654B0 = {
						CreatedOnToolsVersion = 6.1.1;
					};
					BE1CD3FE1A7596AB00E654B0 = {
						CreatedOnToolsVersion = 6.1.1;
						TestTargetID = BE1CD3E71A7596AB00E654B0;
					};
				};
			};
			buildConfigurationList = BE1CD3E31A7596AB00E654B0 /* Build configuration list for PBXProject "Finance" */;
			compatibilityVersion = "Xcode 3.2";
			developmentRegion = English;
			hasScannedForEncodings = 0;
			knownRegions = (
				en,
				Base,
			);
			mainGroup = BE1CD3DF1A7596AB00E654B0;
			productRefGroup = BE1CD3E91A7596AB00E654B0 /* Products */;
			projectDirPath = "";
			projectRoot = "";
			targets = (
				BE1CD3E71A7596AB00E654B0 /* Finance */,
				BE1CD3FE1A7596AB00E654B0 /* FinanceTests */,
			);
		};
/* End PBXProject section */

/* Begin PBXResourcesBuildPhase section */
		BE1CD3E61A7596AB00E654B0 /* Resources */ = {
			isa = PBXResourcesBuildPhase;
			buildActionMask = 2147483647;
			files = (
				BE1CD3F51A7596AB00E654B0 /* Main.storyboard in Resources */,
				BE1CD3FA1A7596AB00E654B0 /* LaunchScreen.xib in Resources */,
				BE1CD3F71A7596AB00E654B0 /* Images.xcassets in Resources */,
			);
			runOnlyForDeploymentPostprocessing = 0;
		};
		BE1CD3FD1A7596AB00E654B0 /* Resources */ = {
			isa = PBXResourcesBuildPhase;
			buildActionMask = 2147483647;
			files = (
			);
			runOnlyForDeploymentPostprocessing = 0;
		};
/* End PBXResourcesBuildPhase section */

/* Begin PBXSourcesBuildPhase section */
		BE1CD3E41A7596AB00E654B0 /* Sources */ = {
			isa = PBXSourcesBuildPhase;
			buildActionMask = 2147483647;
			files = (
				BE1CD3F21A7596AB00E654B0 /* SecondViewController.swift in Sources */,
				BE1CD3EE1A7596AB00E654B0 /* AppDelegate.swift in Sources */,
				BE1CD3F01A7596AB00E654B0 /* FirstViewController.swift in Sources */,
			);
			runOnlyForDeploymentPostprocessing = 0;
		};
		BE1CD3FB1A7596AB00E654B0 /* Sources */ = {
			isa = PBXSourcesBuildPhase;
			buildActionMask = 2147483647;
			files = (
				BE1CD4061A7596AB00E654B0 /* FinanceTests.swift in Sources */,
			);
			runOnlyForDeploymentPostprocessing = 0;
		};
/* End PBXSourcesBuildPhase section */

/* Begin PBXTargetDependency section */
		BE1CD4011A7596AB00E654B0 /* PBXTargetDependency */ = {
			isa = PBXTargetDependency;
			target = BE1CD3E71A7596AB00E654B0 /* Finance */;
			targetProxy = BE1CD4001A7596AB00E654B0 /* PBXContainerItemProxy */;
		};
/* End PBXTargetDependency section */

/* Begin PBXVariantGroup section */
		BE1CD3F31A7596AB00E654B0 /* Main.storyboard */ = {
			isa = PBXVariantGroup;
			children = (
				BE1CD3F41A7596AB00E654B0 /* Base */,
			);
			name = Main.storyboard;
			sourceTree = "<group>";
		};
		BE1CD3F81A7596AB00E654B0 /* LaunchScreen.xib */ = {
			isa = PBXVariantGroup;
			children = (
				BE1CD3F91A7596AB00E654B0 /* Base */,
			);
			name = LaunchScreen.xib;
			sourceTree = "<group>";
		};
/* End PBXVariantGroup section */

/* Begin XCBuildConfiguration section */
		BE1CD4071A7596AB00E654B0 /* Debug */ = {
			isa = XCBuildConfiguration;
			buildSettings = {
				ALWAYS_SEARCH_USER_PATHS = NO;
				CLANG_CXX_LANGUAGE_STANDARD = "gnu++0x";
				CLANG_CXX_LIBRARY = "libc++";
				CLANG_ENABLE_MODULES = YES;
				CLANG_ENABLE_OBJC_ARC = YES;
				CLANG_WARN_BOOL_CONVERSION = YES;
				CLANG_WARN_CONSTANT_CONVERSION = YES;
				CLANG_WARN_DIRECT_OBJC_ISA_USAGE = YES_ERROR;
				CLANG_WARN_EMPTY_BODY = YES;
				CLANG_WARN_ENUM_CONVERSION = YES;
				CLANG_WARN_INT_CONVERSION = YES;
				CLANG_WARN_OBJC_ROOT_CLASS = YES_ERROR;
				CLANG_WARN_UNREACHABLE_CODE = YES;
				CLANG_WARN__DUPLICATE_METHOD_MATCH = YES;
				"CODE_SIGN_IDENTITY[sdk=iphoneos*]" = "iPhone Developer";
				COPY_PHASE_STRIP = NO;
				ENABLE_STRICT_OBJC_MSGSEND = YES;
				GCC_C_LANGUAGE_STANDARD = gnu99;
				GCC_DYNAMIC_NO_PIC = NO;
				GCC_OPTIMIZATION_LEVEL = 0;
				GCC_PREPROCESSOR_DEFINITIONS = (
					"DEBUG=1",
					"$(inherited)",
				);
				GCC_SYMBOLS_PRIVATE_EXTERN = NO;
				GCC_WARN_64_TO_32_BIT_CONVERSION = YES;
				GCC_WARN_ABOUT_RETURN_TYPE = YES_ERROR;
				GCC_WARN_UNDECLARED_SELECTOR = YES;
				GCC_WARN_UNINITIALIZED_AUTOS = YES_AGGRESSIVE;
				GCC_WARN_UNUSED_FUNCTION = YES;
				GCC_WARN_UNUSED_VARIABLE = YES;
				IPHONEOS_DEPLOYMENT_TARGET = 8.1;
				MTL_ENABLE_DEBUG_INFO = YES;
				ONLY_ACTIVE_ARCH = YES;
				SDKROOT = iphoneos;
				SWIFT_OPTIMIZATION_LEVEL = "-Onone";
			};
			name = Debug;
		};
		BE1CD4081A7596AB00E654B0 /* Release */ = {
			isa = XCBuildConfiguration;
			buildSettings = {
				ALWAYS_SEARCH_USER_PATHS = NO;
				CLANG_CXX_LANGUAGE_STANDARD = "gnu++0x";
				CLANG_CXX_LIBRARY = "libc++";
				CLANG_ENABLE_MODULES = YES;
				CLANG_ENABLE_OBJC_ARC = YES;
				CLANG_WARN_BOOL_CONVERSION = YES;
				CLANG_WARN_CONSTANT_CONVERSION = YES;
				CLANG_WARN_DIRECT_OBJC_ISA_USAGE = YES_ERROR;
				CLANG_WARN_EMPTY_BODY = YES;
				CLANG_WARN_ENUM_CONVERSION = YES;
				CLANG_WARN_INT_CONVERSION = YES;
				CLANG_WARN_OBJC_ROOT_CLASS = YES_ERROR;
				CLANG_WARN_UNREACHABLE_CODE = YES;
				CLANG_WARN__DUPLICATE_METHOD_MATCH = YES;
				"CODE_SIGN_IDENTITY[sdk=iphoneos*]" = "iPhone Developer";
				COPY_PHASE_STRIP = YES;
				ENABLE_NS_ASSERTIONS = NO;
				ENABLE_STRICT_OBJC_MSGSEND = YES;
				GCC_C_LANGUAGE_STANDARD = gnu99;
				GCC_WARN_64_TO_32_BIT_CONVERSION = YES;
				GCC_WARN_ABOUT_RETURN_TYPE = YES_ERROR;
				GCC_WARN_UNDECLARED_SELECTOR = YES;
				GCC_WARN_UNINITIALIZED_AUTOS = YES_AGGRESSIVE;
				GCC_WARN_UNUSED_FUNCTION = YES;
				GCC_WARN_UNUSED_VARIABLE = YES;
				IPHONEOS_DEPLOYMENT_TARGET = 8.1;
				MTL_ENABLE_DEBUG_INFO = NO;
				SDKROOT = iphoneos;
				VALIDATE_PRODUCT = YES;
			};
			name = Release;
		};
		BE1CD40A1A7596AB00E654B0 /* Debug */ = {
			isa = XCBuildConfiguration;
			buildSettings = {
				ASSETCATALOG_COMPILER_APPICON_NAME = AppIcon;
				INFOPLIST_FILE = Finance/Info.plist;
				LD_RUNPATH_SEARCH_PATHS = "$(inherited) @executable_path/Frameworks";
				PRODUCT_NAME = "$(TARGET_NAME)";
			};
			name = Debug;
		};
		BE1CD40B1A7596AB00E654B0 /* Release */ = {
			isa = XCBuildConfiguration;
			buildSettings = {
				ASSETCATALOG_COMPILER_APPICON_NAME = AppIcon;
				INFOPLIST_FILE = Finance/Info.plist;
				LD_RUNPATH_SEARCH_PATHS = "$(inherited) @executable_path/Frameworks";
				PRODUCT_NAME = "$(TARGET_NAME)";
			};
			name = Release;
		};
		BE1CD40D1A7596AB00E654B0 /* Debug */ = {
			isa = XCBuildConfiguration;
			buildSettings = {
				BUNDLE_LOADER = "$(TEST_HOST)";
				FRAMEWORK_SEARCH_PATHS = (
					"$(SDKROOT)/Developer/Library/Frameworks",
					"$(inherited)",
				);
				GCC_PREPROCESSOR_DEFINITIONS = (
					"DEBUG=1",
					"$(inherited)",
				);
				INFOPLIST_FILE = FinanceTests/Info.plist;
				LD_RUNPATH_SEARCH_PATHS = "$(inherited) @executable_path/Frameworks @loader_path/Frameworks";
				PRODUCT_NAME = "$(TARGET_NAME)";
				TEST_HOST = "$(BUILT_PRODUCTS_DIR)/Finance.app/Finance";
			};
			name = Debug;
		};
		BE1CD40E1A7596AB00E654B0 /* Release */ = {
			isa = XCBuildConfiguration;
			buildSettings = {
				BUNDLE_LOADER = "$(TEST_HOST)";
				FRAMEWORK_SEARCH_PATHS = (
					"$(SDKROOT)/Developer/Library/Frameworks",
					"$(inherited)",
				);
				INFOPLIST_FILE = FinanceTests/Info.plist;
				LD_RUNPATH_SEARCH_PATHS = "$(inherited) @executable_path/Frameworks @loader_path/Frameworks";
				PRODUCT_NAME = "$(TARGET_NAME)";
				TEST_HOST = "$(BUILT_PRODUCTS_DIR)/Finance.app/Finance";
			};
			name = Release;
		};
/* End XCBuildConfiguration section */

/* Begin XCConfigurationList section */
		BE1CD3E31A7596AB00E654B0 /* Build configuration list for PBXProject "Finance" */ = {
			isa = XCConfigurationList;
			buildConfigurations = (
				BE1CD4071A7596AB00E654B0 /* Debug */,
				BE1CD4081A7596AB00E654B0 /* Release */,
			);
			defaultConfigurationIsVisible = 0;
			defaultConfigurationName = Release;
		};
		BE1CD4091A7596AB00E654B0 /* Build configuration list for PBXNativeTarget "Finance" */ = {
			isa = XCConfigurationList;
			buildConfigurations = (
				BE1CD40A1A7596AB00E654B0 /* Debug */,
				BE1CD40B1A7596AB00E654B0 /* Release */,
			);
			defaultConfigurationIsVisible = 0;
		};
		BE1CD40C1A7596AB00E654B0 /* Build configuration list for PBXNativeTarget "FinanceTests" */ = {
			isa = XCConfigurationList;
			buildConfigurations = (
				BE1CD40D1A7596AB00E654B0 /* Debug */,
				BE1CD40E1A7596AB00E654B0 /* Release */,
			);
			defaultConfigurationIsVisible = 0;
		};
/* End XCConfigurationList section */
	};
	rootObject = BE1CD3E01A7596AB00E654B0 /* Project object */;
}
